
Microsoft Visual Studio Solution File, Format Version 12.00
# Visual Studio 2012
Project("{FAE04EC0-301F-11D3-BF4B-00C04F79EFBC}") = "Test  Interface  1", "Test  Interface  1\Test  Interface  1.csproj", "{DFF39B81-88AB-47EE-BA4E-B99C2B61718F}"
EndProject
Global
	GlobalSection(SolutionConfigurationPlatforms) = preSolution
		Debug|Any CPU = Debug|Any CPU
		Release|Any CPU = Release|Any CPU
	EndGlobalSection
	GlobalSection(ProjectConfigurationPlatforms) = postSolution
		{DFF39B81-88AB-47EE-BA4E-B99C2B61718F}.Debug|Any CPU.ActiveCfg = Debug|Any CPU
		{DFF39B81-88AB-47EE-BA4E-B99C2B61718F}.Debug|Any CPU.Build.0 = Debug|Any CPU
		{DFF39B81-88AB-47EE-BA4E-B99C2B61718F}.Release|Any CPU.ActiveCfg = Release|Any CPU
		{DFF39B81-88AB-47EE-BA4E-B99C2B61718F}.Release|Any CPU.Build.0 = Release|Any CPU
	EndGlobalSection
	GlobalSection(SolutionProperties) = preSolution
		HideSolutionNode = FALSE
	EndGlobalSection
EndGlobal
